
Microsoft Visual Studio Solution File, Format Version 12.00
# Visual Studio Version 17
VisualStudioVersion = 17.14.36221.1 d17.14
MinimumVisualStudioVersion = 10.0.40219.1
Project("{FAE04EC0-301F-11D3-BF4B-00C04F79EFBC}") = "rent_a_car", "rent_a_car\rent_a_car.csproj", "{1CB5C915-688B-479F-BA4B-BA18B0DF239D}"
EndProject
Global
	GlobalSection(SolutionConfigurationPlatforms) = preSolution
		Debug|Any CPU = Debug|Any CPU
		Release|Any CPU = Release|Any CPU
	EndGlobalSection
	GlobalSection(ProjectConfigurationPlatforms) = postSolution
		{1CB5C915-688B-479F-BA4B-BA18B0DF239D}.Debug|Any CPU.ActiveCfg = Debug|Any CPU
		{1CB5C915-688B-479F-BA4B-BA18B0DF239D}.Debug|Any CPU.Build.0 = Debug|Any CPU
		{1CB5C915-688B-479F-BA4B-BA18B0DF239D}.Release|Any CPU.ActiveCfg = Release|Any CPU
		{1CB5C915-688B-479F-BA4B-BA18B0DF239D}.Release|Any CPU.Build.0 = Release|Any CPU
	EndGlobalSection
	GlobalSection(SolutionProperties) = preSolution
		HideSolutionNode = FALSE
	EndGlobalSection
	GlobalSection(ExtensibilityGlobals) = postSolution
		SolutionGuid = {D3CDFDDD-AD7C-4647-A5E5-28338DBE9029}
	EndGlobalSection
EndGlobal
